{
  "requires": true,
  "lockfileVersion": 1,
  "dependencies": {
    "systeminformation": {
      "version": "4.1.1",
      "resolved": "https://registry.npmjs.org/systeminformation/-/systeminformation-4.1.1.tgz",
      "integrity": "sha512-sRQYRRTOkwpXQA8grIBPSZEzJvxdsitdmrp0mer9MFRlry5AJC6DbAE0EcsK54k5jLTBaauvzCFwM+y7c5fMmg=="
    }
  }
}
